<?xml version="1.0" encoding="utf-8"?>
<Project ToolsVersion="4.0" xmlns="http://schemas.microsoft.com/developer/msbuild/2003">
  <ItemGroup>
    <Filter Include="소스 파일">
      <UniqueIdentifier>{4FC737F1-C7A5-4376-A066-2A32D752A2FF}</UniqueIdentifier>
      <Extensions>cpp;c;cc;cxx;def;odl;idl;hpj;bat;asm;asmx</Extensions>
    </Filter>
    <Filter Include="헤더 파일">
      <UniqueIdentifier>{93995380-89BD-4b04-88EB-625FBE52EBFB}</UniqueIdentifier>
      <Extensions>h;hh;hpp;hxx;hm;inl;inc;ipp;xsd</Extensions>
    </Filter>
    <Filter Include="리소스 파일">
      <UniqueIdentifier>{67DA6AB6-F800-4c08-8B7A-83BB121AAD01}</UniqueIdentifier>
      <Extensions>rc;ico;cur;bmp;dlg;rc2;rct;bin;rgs;gif;jpg;jpeg;jpe;resx;tiff;tif;png;wav;mfcribbon-ms</Extensions>
    </Filter>
  </ItemGroup>
  <ItemGroup>
    <ClCompile Include="A1010_S.cpp">
      <Filter>소스 파일</Filter>
    </ClCompile>
    <ClCompile Include="A1256_S.cpp">
      <Filter>소스 파일</Filter>
    </ClCompile>
    <ClCompile Include="A1932_S.cpp">
      <Filter>소스 파일</Filter>
    </ClCompile>
    <ClCompile Include="A5557_S.cpp">
      <Filter>소스 파일</Filter>
    </ClCompile>
    <ClCompile Include="A11050_S.cpp">
      <Filter>소스 파일</Filter>
    </ClCompile>
    <ClCompile Include="A11051_S.cpp">
      <Filter>소스 파일</Filter>
    </ClCompile>
    <ClCompile Include="A5568_S.cpp">
      <Filter>소스 파일</Filter>
    </ClCompile>
    <ClCompile Include="A1722_S.cpp">
      <Filter>소스 파일</Filter>
    </ClCompile>
    <ClCompile Include="A5573_S.cpp">
      <Filter>소스 파일</Filter>
    </ClCompile>
    <ClCompile Include="A5569_S.cpp">
      <Filter>소스 파일</Filter>
    </ClCompile>
    <ClCompile Include="A5376.cpp">
      <Filter>소스 파일</Filter>
    </ClCompile>
    <ClCompile Include="A1915_S.cpp">
      <Filter>소스 파일</Filter>
    </ClCompile>
    <ClCompile Include="A11659_S.cpp">
      <Filter>소스 파일</Filter>
    </ClCompile>
    <ClCompile Include="A11660_S.cpp">
      <Filter>소스 파일</Filter>
    </ClCompile>
    <ClCompile Include="A2579_S.cpp">
      <Filter>소스 파일</Filter>
    </ClCompile>
    <ClCompile Include="A11049_S.cpp">
      <Filter>소스 파일</Filter>
    </ClCompile>
    <ClCompile Include="A14003_S.cpp">
      <Filter>소스 파일</Filter>
    </ClCompile>
    <ClCompile Include="A12015_S.cpp">
      <Filter>소스 파일</Filter>
    </ClCompile>
    <ClCompile Include="A2098_S.cpp">
      <Filter>소스 파일</Filter>
    </ClCompile>
    <ClCompile Include="A11062_S.cpp">
      <Filter>소스 파일</Filter>
    </ClCompile>
    <ClCompile Include="A5626_S.cpp">
      <Filter>소스 파일</Filter>
    </ClCompile>
    <ClCompile Include="A9252_S.cpp">
      <Filter>소스 파일</Filter>
    </ClCompile>
    <ClCompile Include="A13699_S.cpp">
      <Filter>소스 파일</Filter>
    </ClCompile>
    <ClCompile Include="A2011_S.cpp">
      <Filter>소스 파일</Filter>
    </ClCompile>
    <ClCompile Include="A1912_S.cpp">
      <Filter>소스 파일</Filter>
    </ClCompile>
    <ClCompile Include="A7579_S.cpp">
      <Filter>소스 파일</Filter>
    </ClCompile>
  </ItemGroup>
</Project>